{
  "name": "ts-client",
  "version": "1.0.0",
  "lockfileVersion": 3,
  "requires": true,
  "packages": {
    "": {
      "name": "ts-client",
      "version": "1.0.0",
      "license": "ISC",
      "dependencies": {
        "@genezio-sdk/go-server_eu-central-1": "^1.0.0-prod",
        "@types/node": "^20.11.13"
      }
    },
    "node_modules/@genezio-sdk/go-server_eu-central-1": {
      "version": "1.0.0-prod",
      "resolved": "https://yptt62gzkhog5xuxtuwxvb6ohi0dtfhg.lambda-url.us-east-1.on.aws/RegistryHTTPHandler/npm/go-server_eu-central-1/-/go-server_eu-central-1-1.0.0-prod.tgz",
      "integrity": "sha512-1fZom5BdN0iaxmbvMusQl5l6r+SRxHjaSLnez1ZEKRPgc8mo7iucUN8Yrh+bO1QnTcIrjgwFxL2X6DrvWqyfjQ=="
    },
    "node_modules/@types/node": {
      "version": "20.11.13",
      "resolved": "https://registry.npmjs.org/@types/node/-/node-20.11.13.tgz",
      "integrity": "sha512-5G4zQwdiQBSWYTDAH1ctw2eidqdhMJaNsiIDKHFr55ihz5Trl2qqR8fdrT732yPBho5gkNxXm67OxWFBqX9aPg==",
      "dependencies": {
        "undici-types": "~5.26.4"
      }
    },
    "node_modules/undici-types": {
      "version": "5.26.5",
      "resolved": "https://registry.npmjs.org/undici-types/-/undici-types-5.26.5.tgz",
      "integrity": "sha512-JlCMO+ehdEIKqlFxk6IfVoAUVmgz7cU7zD/h9XZ0qzeosSHmUJVOzSQvvYSYWXkFXC+IfLKSIffhv0sVZup6pA=="
    }
  }
}
